
Microsoft Visual Studio Solution File, Format Version 12.00
# Visual Studio Version 17
VisualStudioVersion = 17.11.35327.3
MinimumVisualStudioVersion = 10.0.40219.1
Project("{9A19103F-16F7-4668-BE54-9A1E7A4F7556}") = "hillel-basic-first-app", "hillel-basic-first-app\hillel-basic-first-app.csproj", "{643AB1A6-EAFF-4C50-908A-AD7BBF6DB529}"
EndProject
Project("{FAE04EC0-301F-11D3-BF4B-00C04F79EFBC}") = "operators", "operators\operators.csproj", "{0C143FA6-59D9-45CE-ABB2-172C31861E19}"
EndProject
Global
	GlobalSection(SolutionConfigurationPlatforms) = preSolution
		Debug|Any CPU = Debug|Any CPU
		Release|Any CPU = Release|Any CPU
	EndGlobalSection
	GlobalSection(ProjectConfigurationPlatforms) = postSolution
		{643AB1A6-EAFF-4C50-908A-AD7BBF6DB529}.Debug|Any CPU.ActiveCfg = Debug|Any CPU
		{643AB1A6-EAFF-4C50-908A-AD7BBF6DB529}.Debug|Any CPU.Build.0 = Debug|Any CPU
		{643AB1A6-EAFF-4C50-908A-AD7BBF6DB529}.Release|Any CPU.ActiveCfg = Release|Any CPU
		{643AB1A6-EAFF-4C50-908A-AD7BBF6DB529}.Release|Any CPU.Build.0 = Release|Any CPU
		{0C143FA6-59D9-45CE-ABB2-172C31861E19}.Debug|Any CPU.ActiveCfg = Debug|Any CPU
		{0C143FA6-59D9-45CE-ABB2-172C31861E19}.Debug|Any CPU.Build.0 = Debug|Any CPU
		{0C143FA6-59D9-45CE-ABB2-172C31861E19}.Release|Any CPU.ActiveCfg = Release|Any CPU
		{0C143FA6-59D9-45CE-ABB2-172C31861E19}.Release|Any CPU.Build.0 = Release|Any CPU
	EndGlobalSection
	GlobalSection(SolutionProperties) = preSolution
		HideSolutionNode = FALSE
	EndGlobalSection
	GlobalSection(ExtensibilityGlobals) = postSolution
		SolutionGuid = {404EEB30-7E9A-400D-8868-6697645DE9BC}
	EndGlobalSection
EndGlobal
